
Microsoft Visual Studio Solution File, Format Version 12.00
# Visual Studio Version 16
VisualStudioVersion = 16.0.33801.447
MinimumVisualStudioVersion = 10.0.40219.1
Project("{9A19103F-16F7-4668-BE54-9A1E7A4F7556}") = "ZTMConsoleApp", "ZTMConsoleApp\ZTMConsoleApp.csproj", "{266735DD-37D3-43CD-BA30-5AC2890DA1D4}"
EndProject
Global
	GlobalSection(SolutionConfigurationPlatforms) = preSolution
		Debug|Any CPU = Debug|Any CPU
		Release|Any CPU = Release|Any CPU
	EndGlobalSection
	GlobalSection(ProjectConfigurationPlatforms) = postSolution
		{266735DD-37D3-43CD-BA30-5AC2890DA1D4}.Debug|Any CPU.ActiveCfg = Debug|Any CPU
		{266735DD-37D3-43CD-BA30-5AC2890DA1D4}.Debug|Any CPU.Build.0 = Debug|Any CPU
		{266735DD-37D3-43CD-BA30-5AC2890DA1D4}.Release|Any CPU.ActiveCfg = Release|Any CPU
		{266735DD-37D3-43CD-BA30-5AC2890DA1D4}.Release|Any CPU.Build.0 = Release|Any CPU
	EndGlobalSection
	GlobalSection(SolutionProperties) = preSolution
		HideSolutionNode = FALSE
	EndGlobalSection
	GlobalSection(ExtensibilityGlobals) = postSolution
		SolutionGuid = {780EF35E-C4E1-42C3-9A40-C27CA1858ADF}
	EndGlobalSection
EndGlobal
