
Microsoft Visual Studio Solution File, Format Version 12.00
# Visual Studio Version 17
VisualStudioVersion = 17.6.33829.357
MinimumVisualStudioVersion = 10.0.40219.1
Project("{FAE04EC0-301F-11D3-BF4B-00C04F79EFBC}") = "Enumerations", "Enumerations\Enumerations.csproj", "{99641722-F774-4F34-A481-624ED7AF6F76}"
EndProject
Global
	GlobalSection(SolutionConfigurationPlatforms) = preSolution
		Debug|Any CPU = Debug|Any CPU
		Release|Any CPU = Release|Any CPU
	EndGlobalSection
	GlobalSection(ProjectConfigurationPlatforms) = postSolution
		{99641722-F774-4F34-A481-624ED7AF6F76}.Debug|Any CPU.ActiveCfg = Debug|Any CPU
		{99641722-F774-4F34-A481-624ED7AF6F76}.Debug|Any CPU.Build.0 = Debug|Any CPU
		{99641722-F774-4F34-A481-624ED7AF6F76}.Release|Any CPU.ActiveCfg = Release|Any CPU
		{99641722-F774-4F34-A481-624ED7AF6F76}.Release|Any CPU.Build.0 = Release|Any CPU
	EndGlobalSection
	GlobalSection(SolutionProperties) = preSolution
		HideSolutionNode = FALSE
	EndGlobalSection
	GlobalSection(ExtensibilityGlobals) = postSolution
		SolutionGuid = {839CB017-B4DE-43CE-AA7D-6AD384483646}
	EndGlobalSection
EndGlobal
