
Microsoft Visual Studio Solution File, Format Version 12.00
# Visual Studio Version 17
VisualStudioVersion = 17.6.33829.357
MinimumVisualStudioVersion = 10.0.40219.1
Project("{FAE04EC0-301F-11D3-BF4B-00C04F79EFBC}") = "NullableValue&ReferenceTypes", "NullableValue&ReferenceTypes\NullableValue&ReferenceTypes.csproj", "{7AC81B63-F899-4CFF-BABE-61C535DC2196}"
EndProject
Global
	GlobalSection(SolutionConfigurationPlatforms) = preSolution
		Debug|Any CPU = Debug|Any CPU
		Release|Any CPU = Release|Any CPU
	EndGlobalSection
	GlobalSection(ProjectConfigurationPlatforms) = postSolution
		{7AC81B63-F899-4CFF-BABE-61C535DC2196}.Debug|Any CPU.ActiveCfg = Debug|Any CPU
		{7AC81B63-F899-4CFF-BABE-61C535DC2196}.Debug|Any CPU.Build.0 = Debug|Any CPU
		{7AC81B63-F899-4CFF-BABE-61C535DC2196}.Release|Any CPU.ActiveCfg = Release|Any CPU
		{7AC81B63-F899-4CFF-BABE-61C535DC2196}.Release|Any CPU.Build.0 = Release|Any CPU
	EndGlobalSection
	GlobalSection(SolutionProperties) = preSolution
		HideSolutionNode = FALSE
	EndGlobalSection
	GlobalSection(ExtensibilityGlobals) = postSolution
		SolutionGuid = {0A33103D-C4BB-4CE6-A1AF-C4A5A5A9CB34}
	EndGlobalSection
EndGlobal
