
Microsoft Visual Studio Solution File, Format Version 12.00
# Visual Studio Version 17
VisualStudioVersion = 17.6.33829.357
MinimumVisualStudioVersion = 10.0.40219.1
Project("{FAE04EC0-301F-11D3-BF4B-00C04F79EFBC}") = "ExceptionHandling", "ExceptionHandling\ExceptionHandling.csproj", "{C669CED7-68E1-4C61-94AD-07F8D75556D7}"
EndProject
Global
	GlobalSection(SolutionConfigurationPlatforms) = preSolution
		Debug|Any CPU = Debug|Any CPU
		Release|Any CPU = Release|Any CPU
	EndGlobalSection
	GlobalSection(ProjectConfigurationPlatforms) = postSolution
		{C669CED7-68E1-4C61-94AD-07F8D75556D7}.Debug|Any CPU.ActiveCfg = Debug|Any CPU
		{C669CED7-68E1-4C61-94AD-07F8D75556D7}.Debug|Any CPU.Build.0 = Debug|Any CPU
		{C669CED7-68E1-4C61-94AD-07F8D75556D7}.Release|Any CPU.ActiveCfg = Release|Any CPU
		{C669CED7-68E1-4C61-94AD-07F8D75556D7}.Release|Any CPU.Build.0 = Release|Any CPU
	EndGlobalSection
	GlobalSection(SolutionProperties) = preSolution
		HideSolutionNode = FALSE
	EndGlobalSection
	GlobalSection(ExtensibilityGlobals) = postSolution
		SolutionGuid = {CE107B7D-E8CA-41D9-91C2-E549B1CDDB23}
	EndGlobalSection
EndGlobal
