
Microsoft Visual Studio Solution File, Format Version 12.00
# Visual Studio Version 16
VisualStudioVersion = 16.0.33529.622
MinimumVisualStudioVersion = 10.0.40219.1
Project("{FAE04EC0-301F-11D3-BF4B-00C04F79EFBC}") = "DataTypes", "DataTypes\DataTypes.csproj", "{2102114E-4BD4-4A0C-B630-ECE92DB8E889}"
EndProject
Global
	GlobalSection(SolutionConfigurationPlatforms) = preSolution
		Debug|Any CPU = Debug|Any CPU
		Release|Any CPU = Release|Any CPU
	EndGlobalSection
	GlobalSection(ProjectConfigurationPlatforms) = postSolution
		{2102114E-4BD4-4A0C-B630-ECE92DB8E889}.Debug|Any CPU.ActiveCfg = Debug|Any CPU
		{2102114E-4BD4-4A0C-B630-ECE92DB8E889}.Debug|Any CPU.Build.0 = Debug|Any CPU
		{2102114E-4BD4-4A0C-B630-ECE92DB8E889}.Release|Any CPU.ActiveCfg = Release|Any CPU
		{2102114E-4BD4-4A0C-B630-ECE92DB8E889}.Release|Any CPU.Build.0 = Release|Any CPU
	EndGlobalSection
	GlobalSection(SolutionProperties) = preSolution
		HideSolutionNode = FALSE
	EndGlobalSection
	GlobalSection(ExtensibilityGlobals) = postSolution
		SolutionGuid = {A0F23116-3AFA-4C94-8073-276FCB7CD291}
	EndGlobalSection
EndGlobal
