
Microsoft Visual Studio Solution File, Format Version 12.00
# Visual Studio Version 16
VisualStudioVersion = 16.0.33801.447
MinimumVisualStudioVersion = 10.0.40219.1
Project("{FAE04EC0-301F-11D3-BF4B-00C04F79EFBC}") = "Polymorphism", "Polymorphism\Polymorphism.csproj", "{47E2F2BC-5A51-43F7-90ED-50B8C0AEC4E9}"
EndProject
Global
	GlobalSection(SolutionConfigurationPlatforms) = preSolution
		Debug|Any CPU = Debug|Any CPU
		Release|Any CPU = Release|Any CPU
	EndGlobalSection
	GlobalSection(ProjectConfigurationPlatforms) = postSolution
		{47E2F2BC-5A51-43F7-90ED-50B8C0AEC4E9}.Debug|Any CPU.ActiveCfg = Debug|Any CPU
		{47E2F2BC-5A51-43F7-90ED-50B8C0AEC4E9}.Debug|Any CPU.Build.0 = Debug|Any CPU
		{47E2F2BC-5A51-43F7-90ED-50B8C0AEC4E9}.Release|Any CPU.ActiveCfg = Release|Any CPU
		{47E2F2BC-5A51-43F7-90ED-50B8C0AEC4E9}.Release|Any CPU.Build.0 = Release|Any CPU
	EndGlobalSection
	GlobalSection(SolutionProperties) = preSolution
		HideSolutionNode = FALSE
	EndGlobalSection
	GlobalSection(ExtensibilityGlobals) = postSolution
		SolutionGuid = {E170C8A0-2316-4CBD-B84A-93328A543B0D}
	EndGlobalSection
EndGlobal
